
Microsoft Visual Studio Solution File, Format Version 12.00
# Visual Studio Version 17
VisualStudioVersion = 17.8.34525.116
MinimumVisualStudioVersion = 10.0.40219.1
Project("{FAE04EC0-301F-11D3-BF4B-00C04F79EFBC}") = "seng8051assignment3", "seng8051assignment3\seng8051assignment3.csproj", "{0AA66D24-373A-4675-8DD0-018BDBE5791D}"
EndProject
Global
	GlobalSection(SolutionConfigurationPlatforms) = preSolution
		Debug|Any CPU = Debug|Any CPU
		Release|Any CPU = Release|Any CPU
	EndGlobalSection
	GlobalSection(ProjectConfigurationPlatforms) = postSolution
		{0AA66D24-373A-4675-8DD0-018BDBE5791D}.Debug|Any CPU.ActiveCfg = Debug|Any CPU
		{0AA66D24-373A-4675-8DD0-018BDBE5791D}.Debug|Any CPU.Build.0 = Debug|Any CPU
		{0AA66D24-373A-4675-8DD0-018BDBE5791D}.Release|Any CPU.ActiveCfg = Release|Any CPU
		{0AA66D24-373A-4675-8DD0-018BDBE5791D}.Release|Any CPU.Build.0 = Release|Any CPU
	EndGlobalSection
	GlobalSection(SolutionProperties) = preSolution
		HideSolutionNode = FALSE
	EndGlobalSection
	GlobalSection(ExtensibilityGlobals) = postSolution
		SolutionGuid = {D50319DD-EF41-4C12-A4D1-A9AA733157DD}
	EndGlobalSection
EndGlobal
